// !$*UTF8*$!
{
	archiveVersion = 1;
	classes = {
	};
	objectVersion = 50;
	objects = {

/* Begin PBXBuildFile section */
		CD1FF5C9267B0DBB008FCA6B /* AppDelegate.swift in Sources */ = {isa = PBXBuildFile; fileRef = CD1FF5C8267B0DBB008FCA6B /* AppDelegate.swift */; };
		CD1FF5CB267B0DBB008FCA6B /* SceneDelegate.swift in Sources */ = {isa = PBXBuildFile; fileRef = CD1FF5CA267B0DBB008FCA6B /* SceneDelegate.swift */; };
		CD1FF5CD267B0DBB008FCA6B /* ContentView.swift in Sources */ = {isa = PBXBuildFile; fileRef = CD1FF5CC267B0DBB008FCA6B /* ContentView.swift */; };
		CD1FF5CF267B0DC1008FCA6B /* Assets.xcassets in Resources */ = {isa = PBXBuildFile; fileRef = CD1FF5CE267B0DC1008FCA6B /* Assets.xcassets */; };
		CD1FF5D2267B0DC1008FCA6B /* Preview Assets.xcassets in Resources */ = {isa = PBXBuildFile; fileRef = CD1FF5D1267B0DC1008FCA6B /* Preview Assets.xcassets */; };
		CD1FF5D5267B0DC1008FCA6B /* LaunchScreen.storyboard in Resources */ = {isa = PBXBuildFile; fileRef = CD1FF5D3267B0DC1008FCA6B /* LaunchScreen.storyboard */; };
		CD1FF5E0267B19ED008FCA6B /* SleepCalculator.mlmodel in Sources */ = {isa = PBXBuildFile; fileRef = CD1FF5DF267B19ED008FCA6B /* SleepCalculator.mlmodel */; };
/* End PBXBuildFile section */

/* Begin PBXFileReference section */
		CD1FF5C5267B0DBB008FCA6B /* HKSBetterRest.app */ = {isa = PBXFileReference; explicitFileType = wrapper.application; includeInIndex = 0; path = HKSBetterRest.app; sourceTree = BUILT_PRODUCTS_DIR; };
		CD1FF5C8267B0DBB008FCA6B /* AppDelegate.swift */ = {isa = PBXFileReference; lastKnownFileType = sourcecode.swift; path = AppDelegate.swift; sourceTree = "<group>"; };
		CD1FF5CA267B0DBB008FCA6B /* SceneDelegate.swift */ = {isa = PBXFileReference; lastKnownFileType = sourcecode.swift; path = SceneDelegate.swift; sourceTree = "<group>"; };
		CD1FF5CC267B0DBB008FCA6B /* ContentView.swift */ = {isa = PBXFileReference; lastKnownFileType = sourcecode.swift; path = ContentView.swift; sourceTree = "<group>"; };
		CD1FF5CE267B0DC1008FCA6B /* Assets.xcassets */ = {isa = PBXFileReference; lastKnownFileType = folder.assetcatalog; path = Assets.xcassets; sourceTree = "<group>"; };
		CD1FF5D1267B0DC1008FCA6B /* Preview Assets.xcassets */ = {isa = PBXFileReference; lastKnownFileType = folder.assetcatalog; path = "Preview Assets.xcassets"; sourceTree = "<group>"; };
		CD1FF5D4267B0DC1008FCA6B /* Base */ = {isa = PBXFileReference; lastKnownFileType = file.storyboard; name = Base; path = Base.lproj/LaunchScreen.storyboard; sourceTree = "<group>"; };
		CD1FF5D6267B0DC2008FCA6B /* Info.plist */ = {isa = PBXFileReference; lastKnownFileType = text.plist.xml; path = Info.plist; sourceTree = "<group>"; };
		CD1FF5DF267B19ED008FCA6B /* SleepCalculator.mlmodel */ = {isa = PBXFileReference; lastKnownFileType = file.mlmodel; path = SleepCalculator.mlmodel; sourceTree = "<group>"; };
/* End PBXFileReference section */

/* Begin PBXFrameworksBuildPhase section */
		CD1FF5C2267B0DBB008FCA6B /* Frameworks */ = {
			isa = PBXFrameworksBuildPhase;
			buildActionMask = 2147483647;
			files = (
			);
			runOnlyForDeploymentPostprocessing = 0;
		};
/* End PBXFrameworksBuildPhase section */

/* Begin PBXGroup section */
		CD1FF5BC267B0DBA008FCA6B = {
			isa = PBXGroup;
			children = (
				CD1FF5C7267B0DBB008FCA6B /* HKSBetterRest */,
				CD1FF5C6267B0DBB008FCA6B /* Products */,
			);
			sourceTree = "<group>";
		};
		CD1FF5C6267B0DBB008FCA6B /* Products */ = {
			isa = PBXGroup;
			children = (
				CD1FF5C5267B0DBB008FCA6B /* HKSBetterRest.app */,
			);
			name = Products;
			sourceTree = "<group>";
		};
		CD1FF5C7267B0DBB008FCA6B /* HKSBetterRest */ = {
			isa = PBXGroup;
			children = (
				CD1FF5E2267B19F6008FCA6B /* ML Model */,
				CD1FF5C8267B0DBB008FCA6B /* AppDelegate.swift */,
				CD1FF5CA267B0DBB008FCA6B /* SceneDelegate.swift */,
				CD1FF5CC267B0DBB008FCA6B /* ContentView.swift */,
				CD1FF5CE267B0DC1008FCA6B /* Assets.xcassets */,
				CD1FF5D3267B0DC1008FCA6B /* LaunchScreen.storyboard */,
				CD1FF5D6267B0DC2008FCA6B /* Info.plist */,
				CD1FF5D0267B0DC1008FCA6B /* Preview Content */,
			);
			path = HKSBetterRest;
			sourceTree = "<group>";
		};
		CD1FF5D0267B0DC1008FCA6B /* Preview Content */ = {
			isa = PBXGroup;
			children = (
				CD1FF5D1267B0DC1008FCA6B /* Preview Assets.xcassets */,
			);
			path = "Preview Content";
			sourceTree = "<group>";
		};
		CD1FF5E2267B19F6008FCA6B /* ML Model */ = {
			isa = PBXGroup;
			children = (
				CD1FF5DF267B19ED008FCA6B /* SleepCalculator.mlmodel */,
			);
			path = "ML Model";
			sourceTree = "<group>";
		};
/* End PBXGroup section */

/* Begin PBXNativeTarget section */
		CD1FF5C4267B0DBB008FCA6B /* HKSBetterRest */ = {
			isa = PBXNativeTarget;
			buildConfigurationList = CD1FF5D9267B0DC2008FCA6B /* Build configuration list for PBXNativeTarget "HKSBetterRest" */;
			buildPhases = (
				CD1FF5C1267B0DBB008FCA6B /* Sources */,
				CD1FF5C2267B0DBB008FCA6B /* Frameworks */,
				CD1FF5C3267B0DBB008FCA6B /* Resources */,
				CD1FF5DD267B10B3008FCA6B /* ShellScript */,
			);
			buildRules = (
			);
			dependencies = (
			);
			name = HKSBetterRest;
			productName = HKSBetterRest;
			productReference = CD1FF5C5267B0DBB008FCA6B /* HKSBetterRest.app */;
			productType = "com.apple.product-type.application";
		};
/* End PBXNativeTarget section */

/* Begin PBXProject section */
		CD1FF5BD267B0DBA008FCA6B /* Project object */ = {
			isa = PBXProject;
			attributes = {
				LastSwiftUpdateCheck = 1240;
				LastUpgradeCheck = 1240;
				TargetAttributes = {
					CD1FF5C4267B0DBB008FCA6B = {
						CreatedOnToolsVersion = 12.4;
					};
				};
			};
			buildConfigurationList = CD1FF5C0267B0DBA008FCA6B /* Build configuration list for PBXProject "HKSBetterRest" */;
			compatibilityVersion = "Xcode 9.3";
			developmentRegion = en;
			hasScannedForEncodings = 0;
			knownRegions = (
				en,
				Base,
			);
			mainGroup = CD1FF5BC267B0DBA008FCA6B;
			productRefGroup = CD1FF5C6267B0DBB008FCA6B /* Products */;
			projectDirPath = "";
			projectRoot = "";
			targets = (
				CD1FF5C4267B0DBB008FCA6B /* HKSBetterRest */,
			);
		};
/* End PBXProject section */

/* Begin PBXResourcesBuildPhase section */
		CD1FF5C3267B0DBB008FCA6B /* Resources */ = {
			isa = PBXResourcesBuildPhase;
			buildActionMask = 2147483647;
			files = (
				CD1FF5D5267B0DC1008FCA6B /* LaunchScreen.storyboard in Resources */,
				CD1FF5D2267B0DC1008FCA6B /* Preview Assets.xcassets in Resources */,
				CD1FF5CF267B0DC1008FCA6B /* Assets.xcassets in Resources */,
			);
			runOnlyForDeploymentPostprocessing = 0;
		};
/* End PBXResourcesBuildPhase section */

/* Begin PBXShellScriptBuildPhase section */
		CD1FF5DD267B10B3008FCA6B /* ShellScript */ = {
			isa = PBXShellScriptBuildPhase;
			buildActionMask = 2147483647;
			files = (
			);
			inputFileListPaths = (
			);
			inputPaths = (
			);
			outputFileListPaths = (
			);
			outputPaths = (
			);
			runOnlyForDeploymentPostprocessing = 0;
			shellPath = /bin/sh;
			shellScript = "# Type a script or drag a script file from your workspace to insert its path.\nif which swiftlint >/dev/null; then\n  swiftlint && swiftlint --fix\nelse\n  echo \"warning: SwiftLint not installed, download from https://github.com/realm/SwiftLint\"\nfi\n";
		};
/* End PBXShellScriptBuildPhase section */

/* Begin PBXSourcesBuildPhase section */
		CD1FF5C1267B0DBB008FCA6B /* Sources */ = {
			isa = PBXSourcesBuildPhase;
			buildActionMask = 2147483647;
			files = (
				CD1FF5C9267B0DBB008FCA6B /* AppDelegate.swift in Sources */,
				CD1FF5CB267B0DBB008FCA6B /* SceneDelegate.swift in Sources */,
				CD1FF5E0267B19ED008FCA6B /* SleepCalculator.mlmodel in Sources */,
				CD1FF5CD267B0DBB008FCA6B /* ContentView.swift in Sources */,
			);
			runOnlyForDeploymentPostprocessing = 0;
		};
/* End PBXSourcesBuildPhase section */

/* Begin PBXVariantGroup section */
		CD1FF5D3267B0DC1008FCA6B /* LaunchScreen.storyboard */ = {
			isa = PBXVariantGroup;
			children = (
				CD1FF5D4267B0DC1008FCA6B /* Base */,
			);
			name = LaunchScreen.storyboard;
			sourceTree = "<group>";
		};
/* End PBXVariantGroup section */

/* Begin XCBuildConfiguration section */
		CD1FF5D7267B0DC2008FCA6B /* Debug */ = {
			isa = XCBuildConfiguration;
			buildSettings = {
				ALWAYS_SEARCH_USER_PATHS = NO;
				CLANG_ANALYZER_NONNULL = YES;
				CLANG_ANALYZER_NUMBER_OBJECT_CONVERSION = YES_AGGRESSIVE;
				CLANG_CXX_LANGUAGE_STANDARD = "gnu++14";
				CLANG_CXX_LIBRARY = "libc++";
				CLANG_ENABLE_MODULES = YES;
				CLANG_ENABLE_OBJC_ARC = YES;
				CLANG_ENABLE_OBJC_WEAK = YES;
				CLANG_WARN_BLOCK_CAPTURE_AUTORELEASING = YES;
				CLANG_WARN_BOOL_CONVERSION = YES;
				CLANG_WARN_COMMA = YES;
				CLANG_WARN_CONSTANT_CONVERSION = YES;
				CLANG_WARN_DEPRECATED_OBJC_IMPLEMENTATIONS = YES;
				CLANG_WARN_DIRECT_OBJC_ISA_USAGE = YES_ERROR;
				CLANG_WARN_DOCUMENTATION_COMMENTS = YES;
				CLANG_WARN_EMPTY_BODY = YES;
				CLANG_WARN_ENUM_CONVERSION = YES;
				CLANG_WARN_INFINITE_RECURSION = YES;
				CLANG_WARN_INT_CONVERSION = YES;
				CLANG_WARN_NON_LITERAL_NULL_CONVERSION = YES;
				CLANG_WARN_OBJC_IMPLICIT_RETAIN_SELF = YES;
				CLANG_WARN_OBJC_LITERAL_CONVERSION = YES;
				CLANG_WARN_OBJC_ROOT_CLASS = YES_ERROR;
				CLANG_WARN_QUOTED_INCLUDE_IN_FRAMEWORK_HEADER = YES;
				CLANG_WARN_RANGE_LOOP_ANALYSIS = YES;
				CLANG_WARN_STRICT_PROTOTYPES = YES;
				CLANG_WARN_SUSPICIOUS_MOVE = YES;
				CLANG_WARN_UNGUARDED_AVAILABILITY = YES_AGGRESSIVE;
				CLANG_WARN_UNREACHABLE_CODE = YES;
				CLANG_WARN__DUPLICATE_METHOD_MATCH = YES;
				COPY_PHASE_STRIP = NO;
				DEBUG_INFORMATION_FORMAT = dwarf;
				ENABLE_STRICT_OBJC_MSGSEND = YES;
				ENABLE_TESTABILITY = YES;
				GCC_C_LANGUAGE_STANDARD = gnu11;
				GCC_DYNAMIC_NO_PIC = NO;
				GCC_NO_COMMON_BLOCKS = YES;
				GCC_OPTIMIZATION_LEVEL = 0;
				GCC_PREPROCESSOR_DEFINITIONS = (
					"DEBUG=1",
					"$(inherited)",
				);
				GCC_WARN_64_TO_32_BIT_CONVERSION = YES;
				GCC_WARN_ABOUT_RETURN_TYPE = YES_ERROR;
				GCC_WARN_UNDECLARED_SELECTOR = YES;
				GCC_WARN_UNINITIALIZED_AUTOS = YES_AGGRESSIVE;
				GCC_WARN_UNUSED_FUNCTION = YES;
				GCC_WARN_UNUSED_VARIABLE = YES;
				IPHONEOS_DEPLOYMENT_TARGET = 14.4;
				MTL_ENABLE_DEBUG_INFO = INCLUDE_SOURCE;
				MTL_FAST_MATH = YES;
				ONLY_ACTIVE_ARCH = YES;
				SDKROOT = iphoneos;
				SWIFT_ACTIVE_COMPILATION_CONDITIONS = DEBUG;
				SWIFT_OPTIMIZATION_LEVEL = "-Onone";
			};
			name = Debug;
		};
		CD1FF5D8267B0DC2008FCA6B /* Release */ = {
			isa = XCBuildConfiguration;
			buildSettings = {
				ALWAYS_SEARCH_USER_PATHS = NO;
				CLANG_ANALYZER_NONNULL = YES;
				CLANG_ANALYZER_NUMBER_OBJECT_CONVERSION = YES_AGGRESSIVE;
				CLANG_CXX_LANGUAGE_STANDARD = "gnu++14";
				CLANG_CXX_LIBRARY = "libc++";
				CLANG_ENABLE_MODULES = YES;
				CLANG_ENABLE_OBJC_ARC = YES;
				CLANG_ENABLE_OBJC_WEAK = YES;
				CLANG_WARN_BLOCK_CAPTURE_AUTORELEASING = YES;
				CLANG_WARN_BOOL_CONVERSION = YES;
				CLANG_WARN_COMMA = YES;
				CLANG_WARN_CONSTANT_CONVERSION = YES;
				CLANG_WARN_DEPRECATED_OBJC_IMPLEMENTATIONS = YES;
				CLANG_WARN_DIRECT_OBJC_ISA_USAGE = YES_ERROR;
				CLANG_WARN_DOCUMENTATION_COMMENTS = YES;
				CLANG_WARN_EMPTY_BODY = YES;
				CLANG_WARN_ENUM_CONVERSION = YES;
				CLANG_WARN_INFINITE_RECURSION = YES;
				CLANG_WARN_INT_CONVERSION = YES;
				CLANG_WARN_NON_LITERAL_NULL_CONVERSION = YES;
				CLANG_WARN_OBJC_IMPLICIT_RETAIN_SELF = YES;
				CLANG_WARN_OBJC_LITERAL_CONVERSION = YES;
				CLANG_WARN_OBJC_ROOT_CLASS = YES_ERROR;
				CLANG_WARN_QUOTED_INCLUDE_IN_FRAMEWORK_HEADER = YES;
				CLANG_WARN_RANGE_LOOP_ANALYSIS = YES;
				CLANG_WARN_STRICT_PROTOTYPES = YES;
				CLANG_WARN_SUSPICIOUS_MOVE = YES;
				CLANG_WARN_UNGUARDED_AVAILABILITY = YES_AGGRESSIVE;
				CLANG_WARN_UNREACHABLE_CODE = YES;
				CLANG_WARN__DUPLICATE_METHOD_MATCH = YES;
				COPY_PHASE_STRIP = NO;
				DEBUG_INFORMATION_FORMAT = "dwarf-with-dsym";
				ENABLE_NS_ASSERTIONS = NO;
				ENABLE_STRICT_OBJC_MSGSEND = YES;
				GCC_C_LANGUAGE_STANDARD = gnu11;
				GCC_NO_COMMON_BLOCKS = YES;
				GCC_WARN_64_TO_32_BIT_CONVERSION = YES;
				GCC_WARN_ABOUT_RETURN_TYPE = YES_ERROR;
				GCC_WARN_UNDECLARED_SELECTOR = YES;
				GCC_WARN_UNINITIALIZED_AUTOS = YES_AGGRESSIVE;
				GCC_WARN_UNUSED_FUNCTION = YES;
				GCC_WARN_UNUSED_VARIABLE = YES;
				IPHONEOS_DEPLOYMENT_TARGET = 14.4;
				MTL_ENABLE_DEBUG_INFO = NO;
				MTL_FAST_MATH = YES;
				SDKROOT = iphoneos;
				SWIFT_COMPILATION_MODE = wholemodule;
				SWIFT_OPTIMIZATION_LEVEL = "-O";
				VALIDATE_PRODUCT = YES;
			};
			name = Release;
		};
		CD1FF5DA267B0DC2008FCA6B /* Debug */ = {
			isa = XCBuildConfiguration;
			buildSettings = {
				ASSETCATALOG_COMPILER_APPICON_NAME = AppIcon;
				ASSETCATALOG_COMPILER_GLOBAL_ACCENT_COLOR_NAME = AccentColor;
				CODE_SIGN_STYLE = Automatic;
				DEVELOPMENT_ASSET_PATHS = "\"HKSBetterRest/Preview Content\"";
				DEVELOPMENT_TEAM = NT7V746EDB;
				ENABLE_PREVIEWS = YES;
				INFOPLIST_FILE = HKSBetterRest/Info.plist;
				LD_RUNPATH_SEARCH_PATHS = (
					"$(inherited)",
					"@executable_path/Frameworks",
				);
				PRODUCT_BUNDLE_IDENTIFIER = pm.HKSBetterRest;
				PRODUCT_NAME = "$(TARGET_NAME)";
				SWIFT_VERSION = 5.0;
				TARGETED_DEVICE_FAMILY = "1,2";
			};
			name = Debug;
		};
		CD1FF5DB267B0DC2008FCA6B /* Release */ = {
			isa = XCBuildConfiguration;
			buildSettings = {
				ASSETCATALOG_COMPILER_APPICON_NAME = AppIcon;
				ASSETCATALOG_COMPILER_GLOBAL_ACCENT_COLOR_NAME = AccentColor;
				CODE_SIGN_STYLE = Automatic;
				DEVELOPMENT_ASSET_PATHS = "\"HKSBetterRest/Preview Content\"";
				DEVELOPMENT_TEAM = NT7V746EDB;
				ENABLE_PREVIEWS = YES;
				INFOPLIST_FILE = HKSBetterRest/Info.plist;
				LD_RUNPATH_SEARCH_PATHS = (
					"$(inherited)",
					"@executable_path/Frameworks",
				);
				PRODUCT_BUNDLE_IDENTIFIER = pm.HKSBetterRest;
				PRODUCT_NAME = "$(TARGET_NAME)";
				SWIFT_VERSION = 5.0;
				TARGETED_DEVICE_FAMILY = "1,2";
			};
			name = Release;
		};
/* End XCBuildConfiguration section */

/* Begin XCConfigurationList section */
		CD1FF5C0267B0DBA008FCA6B /* Build configuration list for PBXProject "HKSBetterRest" */ = {
			isa = XCConfigurationList;
			buildConfigurations = (
				CD1FF5D7267B0DC2008FCA6B /* Debug */,
				CD1FF5D8267B0DC2008FCA6B /* Release */,
			);
			defaultConfigurationIsVisible = 0;
			defaultConfigurationName = Release;
		};
		CD1FF5D9267B0DC2008FCA6B /* Build configuration list for PBXNativeTarget "HKSBetterRest" */ = {
			isa = XCConfigurationList;
			buildConfigurations = (
				CD1FF5DA267B0DC2008FCA6B /* Debug */,
				CD1FF5DB267B0DC2008FCA6B /* Release */,
			);
			defaultConfigurationIsVisible = 0;
			defaultConfigurationName = Release;
		};
/* End XCConfigurationList section */
	};
	rootObject = CD1FF5BD267B0DBA008FCA6B /* Project object */;
}
